
Microsoft Visual Studio Solution File, Format Version 12.00
# Visual Studio Version 17
VisualStudioVersion = 17.5.33502.453
MinimumVisualStudioVersion = 10.0.40219.1
Project("{FAE04EC0-301F-11D3-BF4B-00C04F79EFBC}") = "AWSSecretsManagerClient", "AWSSecretsManagerClient\AWSSecretsManagerClient.csproj", "{9DC15550-B063-4DA9-A1F1-74432088ADB8}"
EndProject
Global
	GlobalSection(SolutionConfigurationPlatforms) = preSolution
		Debug|Any CPU = Debug|Any CPU
		Release|Any CPU = Release|Any CPU
	EndGlobalSection
	GlobalSection(ProjectConfigurationPlatforms) = postSolution
		{9DC15550-B063-4DA9-A1F1-74432088ADB8}.Debug|Any CPU.ActiveCfg = Debug|Any CPU
		{9DC15550-B063-4DA9-A1F1-74432088ADB8}.Debug|Any CPU.Build.0 = Debug|Any CPU
		{9DC15550-B063-4DA9-A1F1-74432088ADB8}.Release|Any CPU.ActiveCfg = Release|Any CPU
		{9DC15550-B063-4DA9-A1F1-74432088ADB8}.Release|Any CPU.Build.0 = Release|Any CPU
	EndGlobalSection
	GlobalSection(SolutionProperties) = preSolution
		HideSolutionNode = FALSE
	EndGlobalSection
	GlobalSection(ExtensibilityGlobals) = postSolution
		SolutionGuid = {23E02BBE-E143-44FB-AB97-7EC1D28AD3B7}
	EndGlobalSection
EndGlobal
